
Microsoft Visual Studio Solution File, Format Version 12.00
# Visual Studio Version 17
VisualStudioVersion = 17.8.34316.72
MinimumVisualStudioVersion = 10.0.40219.1
Project("{FAE04EC0-301F-11D3-BF4B-00C04F79EFBC}") = "GameHub.Web", "GameHub.Web\GameHub.Web.csproj", "{3D2DD856-C0F3-482A-A4A1-86A2D7461BFD}"
EndProject
Project("{FAE04EC0-301F-11D3-BF4B-00C04F79EFBC}") = "GameHub.DAL", "GameHub.DAL\GameHub.DAL.csproj", "{38CB495C-CFF1-4D2D-9E52-7179B3298172}"
EndProject
Project("{FAE04EC0-301F-11D3-BF4B-00C04F79EFBC}") = "GameHub.BLL", "GameHub.BLL\GameHub.BLL.csproj", "{BB2BC306-5532-41A2-931A-8EA9F795FFF7}"
EndProject
Project("{FAE04EC0-301F-11D3-BF4B-00C04F79EFBC}") = "GameHub.Common", "GameHub.Common\GameHub.Common.csproj", "{C2C70B7C-78C7-49AF-A83A-E4E6A327826B}"
EndProject
Global
	GlobalSection(SolutionConfigurationPlatforms) = preSolution
		Debug|Any CPU = Debug|Any CPU
		Release|Any CPU = Release|Any CPU
	EndGlobalSection
	GlobalSection(ProjectConfigurationPlatforms) = postSolution
		{3D2DD856-C0F3-482A-A4A1-86A2D7461BFD}.Debug|Any CPU.ActiveCfg = Debug|Any CPU
		{3D2DD856-C0F3-482A-A4A1-86A2D7461BFD}.Debug|Any CPU.Build.0 = Debug|Any CPU
		{3D2DD856-C0F3-482A-A4A1-86A2D7461BFD}.Release|Any CPU.ActiveCfg = Release|Any CPU
		{3D2DD856-C0F3-482A-A4A1-86A2D7461BFD}.Release|Any CPU.Build.0 = Release|Any CPU
		{38CB495C-CFF1-4D2D-9E52-7179B3298172}.Debug|Any CPU.ActiveCfg = Debug|Any CPU
		{38CB495C-CFF1-4D2D-9E52-7179B3298172}.Debug|Any CPU.Build.0 = Debug|Any CPU
		{38CB495C-CFF1-4D2D-9E52-7179B3298172}.Release|Any CPU.ActiveCfg = Release|Any CPU
		{38CB495C-CFF1-4D2D-9E52-7179B3298172}.Release|Any CPU.Build.0 = Release|Any CPU
		{BB2BC306-5532-41A2-931A-8EA9F795FFF7}.Debug|Any CPU.ActiveCfg = Debug|Any CPU
		{BB2BC306-5532-41A2-931A-8EA9F795FFF7}.Debug|Any CPU.Build.0 = Debug|Any CPU
		{BB2BC306-5532-41A2-931A-8EA9F795FFF7}.Release|Any CPU.ActiveCfg = Release|Any CPU
		{BB2BC306-5532-41A2-931A-8EA9F795FFF7}.Release|Any CPU.Build.0 = Release|Any CPU
		{C2C70B7C-78C7-49AF-A83A-E4E6A327826B}.Debug|Any CPU.ActiveCfg = Debug|Any CPU
		{C2C70B7C-78C7-49AF-A83A-E4E6A327826B}.Debug|Any CPU.Build.0 = Debug|Any CPU
		{C2C70B7C-78C7-49AF-A83A-E4E6A327826B}.Release|Any CPU.ActiveCfg = Release|Any CPU
		{C2C70B7C-78C7-49AF-A83A-E4E6A327826B}.Release|Any CPU.Build.0 = Release|Any CPU
	EndGlobalSection
	GlobalSection(SolutionProperties) = preSolution
		HideSolutionNode = FALSE
	EndGlobalSection
	GlobalSection(ExtensibilityGlobals) = postSolution
		SolutionGuid = {6FB4108F-9FE7-4B1A-AD88-804A8371E0C8}
	EndGlobalSection
EndGlobal
